
Microsoft Visual Studio Solution File, Format Version 12.00
# Visual Studio Version 17
VisualStudioVersion = 17.7.34221.43
MinimumVisualStudioVersion = 10.0.40219.1
Project("{2150E333-8FDC-42A3-9474-1A3956D46DE8}") = "src", "src", "{049C701D-FC3E-4653-8492-D6D3FEDB81B3}"
EndProject
Project("{2150E333-8FDC-42A3-9474-1A3956D46DE8}") = "test", "test", "{E6BC7ABE-967E-4863-997B-3D617C79D70C}"
EndProject
Project("{9A19103F-16F7-4668-BE54-9A1E7A4F7556}") = "IbgeDesafioPleno.Api", "src\IbgeDesafioPleno.Api\IbgeDesafioPleno.Api.csproj", "{2DDF9DD7-E71C-4657-872B-21B945AF9EBB}"
EndProject
Project("{9A19103F-16F7-4668-BE54-9A1E7A4F7556}") = "IbgeDesafioPleno.Domain", "src\IbgeDesafioPleno.Domain\IbgeDesafioPleno.Domain.csproj", "{692945E8-BBF2-4DFD-9275-C7A2852EF886}"
EndProject
Project("{9A19103F-16F7-4668-BE54-9A1E7A4F7556}") = "IbgeDesafioPleno.Infrastructure", "src\IbgeDesafioPleno.Infrastructure\IbgeDesafioPleno.Infrastructure.csproj", "{E9D20F2C-BE1F-4839-B80C-20CC4B46E2CB}"
EndProject
Project("{9A19103F-16F7-4668-BE54-9A1E7A4F7556}") = "IbgeDesafioPleno.Application", "src\IbgeDesafioPleno.Application\IbgeDesafioPleno.Application.csproj", "{CF2E6272-EF64-4490-AB1F-67AF4D652634}"
EndProject
Project("{9A19103F-16F7-4668-BE54-9A1E7A4F7556}") = "IbgeDesafioPleno.IoC", "src\IbgeDesafioPleno.IoC\IbgeDesafioPleno.IoC.csproj", "{F25E8C0F-92FA-42F0-9E2E-FC72CCCE8E41}"
EndProject
Project("{FAE04EC0-301F-11D3-BF4B-00C04F79EFBC}") = "IbgeDesafioPleno.Jwt", "src\IbgeDesafioPleno.Jwt\IbgeDesafioPleno.Jwt.csproj", "{1CF94519-E457-4C02-8607-EECB92E1B560}"
EndProject
Global
	GlobalSection(SolutionConfigurationPlatforms) = preSolution
		Debug|Any CPU = Debug|Any CPU
		Release|Any CPU = Release|Any CPU
	EndGlobalSection
	GlobalSection(ProjectConfigurationPlatforms) = postSolution
		{2DDF9DD7-E71C-4657-872B-21B945AF9EBB}.Debug|Any CPU.ActiveCfg = Debug|Any CPU
		{2DDF9DD7-E71C-4657-872B-21B945AF9EBB}.Debug|Any CPU.Build.0 = Debug|Any CPU
		{2DDF9DD7-E71C-4657-872B-21B945AF9EBB}.Release|Any CPU.ActiveCfg = Release|Any CPU
		{2DDF9DD7-E71C-4657-872B-21B945AF9EBB}.Release|Any CPU.Build.0 = Release|Any CPU
		{692945E8-BBF2-4DFD-9275-C7A2852EF886}.Debug|Any CPU.ActiveCfg = Debug|Any CPU
		{692945E8-BBF2-4DFD-9275-C7A2852EF886}.Debug|Any CPU.Build.0 = Debug|Any CPU
		{692945E8-BBF2-4DFD-9275-C7A2852EF886}.Release|Any CPU.ActiveCfg = Release|Any CPU
		{692945E8-BBF2-4DFD-9275-C7A2852EF886}.Release|Any CPU.Build.0 = Release|Any CPU
		{E9D20F2C-BE1F-4839-B80C-20CC4B46E2CB}.Debug|Any CPU.ActiveCfg = Debug|Any CPU
		{E9D20F2C-BE1F-4839-B80C-20CC4B46E2CB}.Debug|Any CPU.Build.0 = Debug|Any CPU
		{E9D20F2C-BE1F-4839-B80C-20CC4B46E2CB}.Release|Any CPU.ActiveCfg = Release|Any CPU
		{E9D20F2C-BE1F-4839-B80C-20CC4B46E2CB}.Release|Any CPU.Build.0 = Release|Any CPU
		{CF2E6272-EF64-4490-AB1F-67AF4D652634}.Debug|Any CPU.ActiveCfg = Debug|Any CPU
		{CF2E6272-EF64-4490-AB1F-67AF4D652634}.Debug|Any CPU.Build.0 = Debug|Any CPU
		{CF2E6272-EF64-4490-AB1F-67AF4D652634}.Release|Any CPU.ActiveCfg = Release|Any CPU
		{CF2E6272-EF64-4490-AB1F-67AF4D652634}.Release|Any CPU.Build.0 = Release|Any CPU
		{F25E8C0F-92FA-42F0-9E2E-FC72CCCE8E41}.Debug|Any CPU.ActiveCfg = Debug|Any CPU
		{F25E8C0F-92FA-42F0-9E2E-FC72CCCE8E41}.Debug|Any CPU.Build.0 = Debug|Any CPU
		{F25E8C0F-92FA-42F0-9E2E-FC72CCCE8E41}.Release|Any CPU.ActiveCfg = Release|Any CPU
		{F25E8C0F-92FA-42F0-9E2E-FC72CCCE8E41}.Release|Any CPU.Build.0 = Release|Any CPU
		{1CF94519-E457-4C02-8607-EECB92E1B560}.Debug|Any CPU.ActiveCfg = Debug|Any CPU
		{1CF94519-E457-4C02-8607-EECB92E1B560}.Debug|Any CPU.Build.0 = Debug|Any CPU
		{1CF94519-E457-4C02-8607-EECB92E1B560}.Release|Any CPU.ActiveCfg = Release|Any CPU
		{1CF94519-E457-4C02-8607-EECB92E1B560}.Release|Any CPU.Build.0 = Release|Any CPU
	EndGlobalSection
	GlobalSection(SolutionProperties) = preSolution
		HideSolutionNode = FALSE
	EndGlobalSection
	GlobalSection(NestedProjects) = preSolution
		{2DDF9DD7-E71C-4657-872B-21B945AF9EBB} = {049C701D-FC3E-4653-8492-D6D3FEDB81B3}
		{692945E8-BBF2-4DFD-9275-C7A2852EF886} = {049C701D-FC3E-4653-8492-D6D3FEDB81B3}
		{E9D20F2C-BE1F-4839-B80C-20CC4B46E2CB} = {049C701D-FC3E-4653-8492-D6D3FEDB81B3}
		{CF2E6272-EF64-4490-AB1F-67AF4D652634} = {049C701D-FC3E-4653-8492-D6D3FEDB81B3}
		{F25E8C0F-92FA-42F0-9E2E-FC72CCCE8E41} = {049C701D-FC3E-4653-8492-D6D3FEDB81B3}
		{1CF94519-E457-4C02-8607-EECB92E1B560} = {049C701D-FC3E-4653-8492-D6D3FEDB81B3}
	EndGlobalSection
	GlobalSection(ExtensibilityGlobals) = postSolution
		SolutionGuid = {68020D0A-E0BE-4AD5-88D7-A732C91C90B4}
	EndGlobalSection
EndGlobal
